
Microsoft Visual Studio Solution File, Format Version 12.00
# Visual Studio Version 17
VisualStudioVersion = 17.13.35919.96 d17.13
MinimumVisualStudioVersion = 10.0.40219.1
Project("{FAE04EC0-301F-11D3-BF4B-00C04F79EFBC}") = "InspiraDeskManager", "InspiraDeskManager\InspiraDeskManager.csproj", "{EA613CB8-C38F-42BE-8CA5-F156832AB353}"
EndProject
Global
	GlobalSection(SolutionConfigurationPlatforms) = preSolution
		Debug|Any CPU = Debug|Any CPU
		Release|Any CPU = Release|Any CPU
	EndGlobalSection
	GlobalSection(ProjectConfigurationPlatforms) = postSolution
		{EA613CB8-C38F-42BE-8CA5-F156832AB353}.Debug|Any CPU.ActiveCfg = Debug|Any CPU
		{EA613CB8-C38F-42BE-8CA5-F156832AB353}.Debug|Any CPU.Build.0 = Debug|Any CPU
		{EA613CB8-C38F-42BE-8CA5-F156832AB353}.Release|Any CPU.ActiveCfg = Release|Any CPU
		{EA613CB8-C38F-42BE-8CA5-F156832AB353}.Release|Any CPU.Build.0 = Release|Any CPU
	EndGlobalSection
	GlobalSection(SolutionProperties) = preSolution
		HideSolutionNode = FALSE
	EndGlobalSection
	GlobalSection(ExtensibilityGlobals) = postSolution
		SolutionGuid = {38F66863-1F0F-4A8F-AA93-91229018E4F3}
	EndGlobalSection
EndGlobal
